
Microsoft Visual Studio Solution File, Format Version 12.00
# Visual Studio Version 16
VisualStudioVersion = 16.0.31605.320
MinimumVisualStudioVersion = 10.0.40219.1
Project("{FAE04EC0-301F-11D3-BF4B-00C04F79EFBC}") = "CostaDulce", "CostaDulce\CostaDulce.csproj", "{9C7476A0-A8CD-4633-8D41-4D74D2A97C14}"
EndProject
Global
	GlobalSection(SolutionConfigurationPlatforms) = preSolution
		Debug|Any CPU = Debug|Any CPU
		Release|Any CPU = Release|Any CPU
	EndGlobalSection
	GlobalSection(ProjectConfigurationPlatforms) = postSolution
		{9C7476A0-A8CD-4633-8D41-4D74D2A97C14}.Debug|Any CPU.ActiveCfg = Debug|Any CPU
		{9C7476A0-A8CD-4633-8D41-4D74D2A97C14}.Debug|Any CPU.Build.0 = Debug|Any CPU
		{9C7476A0-A8CD-4633-8D41-4D74D2A97C14}.Release|Any CPU.ActiveCfg = Release|Any CPU
		{9C7476A0-A8CD-4633-8D41-4D74D2A97C14}.Release|Any CPU.Build.0 = Release|Any CPU
	EndGlobalSection
	GlobalSection(SolutionProperties) = preSolution
		HideSolutionNode = FALSE
	EndGlobalSection
	GlobalSection(ExtensibilityGlobals) = postSolution
		SolutionGuid = {C2918A5F-2D21-4880-B717-589D5BDBA988}
	EndGlobalSection
EndGlobal
